<?xml version="1.0" encoding="utf-8"?>
<Project ToolsVersion="17.0" xmlns="http://schemas.microsoft.com/developer/msbuild/2003">
  <ItemGroup>
    <ClCompile Include="C:\jcuda\jcudnn\JCudnnJNI\src\JCudnn.cpp">
      <Filter>Source Files</Filter>
    </ClCompile>
  </ItemGroup>
  <ItemGroup>
    <CustomBuild Include="C:\jcuda\jcudnn\JCudnnJNI\CMakeLists.txt" />
  </ItemGroup>
  <ItemGroup>
    <Filter Include="Source Files">
      <UniqueIdentifier>{FD71BF4B-F55F-375B-921F-FEFC5BB59B89}</UniqueIdentifier>
    </Filter>
  </ItemGroup>
</Project>
